
Microsoft Visual Studio Solution File, Format Version 12.00
# Visual Studio Version 17
VisualStudioVersion = 17.5.002.0
MinimumVisualStudioVersion = 10.0.40219.1
Project("{2150E333-8FDC-42A3-9474-1A3956D46DE8}") = "02.04.2022", "02.04.2022", "{504BD7BE-AD29-4535-A9B7-8B31E233E17E}"
EndProject
Project("{9A19103F-16F7-4668-BE54-9A1E7A4F7556}") = "exercise1_02.04.22", "02.04.2022\exercise1_02.04.22\exercise1_02.04.22.csproj", "{62E5BC8C-9B55-4933-9344-B005983D42FD}"
EndProject
Project("{9A19103F-16F7-4668-BE54-9A1E7A4F7556}") = "exercise_02.04.22", "02.04.2022\exercise_02.04.22\exercise_02.04.22.csproj", "{66E4C4CF-1592-465D-9682-BF73843D5695}"
EndProject
Project("{2150E333-8FDC-42A3-9474-1A3956D46DE8}") = "08.04.2022", "08.04.2022", "{51207B8E-3B34-4E6D-9AF4-1BBC4CD8DAE5}"
EndProject
Project("{9A19103F-16F7-4668-BE54-9A1E7A4F7556}") = "exercise1_08.04.22", "08.04.2022\exercise1_08.04.22\exercise1_08.04.22.csproj", "{AD5873A3-8147-4918-9152-0B6CEDA81DA0}"
EndProject
Project("{9A19103F-16F7-4668-BE54-9A1E7A4F7556}") = "exercise_08.04.22", "08.04.2022\exercise_08.04.22\exercise_08.04.22.csproj", "{F60B7D7D-A5CC-43AD-ADAF-ED406EB63B65}"
EndProject
Project("{2150E333-8FDC-42A3-9474-1A3956D46DE8}") = "14.05.2022", "14.05.2022", "{122F47CD-7F9C-4D48-99A6-4BEFF5AC3B40}"
EndProject
Project("{9A19103F-16F7-4668-BE54-9A1E7A4F7556}") = "exercise_14.05.22", "14.05.2022\exercise_14.05.22\exercise_14.05.22.csproj", "{7CA1CEC3-F6E2-46AD-BDC8-AFE94FB97704}"
EndProject
Project("{2150E333-8FDC-42A3-9474-1A3956D46DE8}") = "26.03.2022", "26.03.2022", "{0C8EFE47-BBDA-44AA-8986-CB232A4215D6}"
EndProject
Project("{9A19103F-16F7-4668-BE54-9A1E7A4F7556}") = "exercise_26.03.22", "26.03.2022\exercise_26.03.22\exercise_26.03.22.csproj", "{62DDEC23-0CBD-4409-886F-9DEB7745C6EF}"
EndProject
Global
	GlobalSection(SolutionConfigurationPlatforms) = preSolution
		Debug|Any CPU = Debug|Any CPU
		Release|Any CPU = Release|Any CPU
	EndGlobalSection
	GlobalSection(ProjectConfigurationPlatforms) = postSolution
		{62E5BC8C-9B55-4933-9344-B005983D42FD}.Debug|Any CPU.ActiveCfg = Debug|Any CPU
		{62E5BC8C-9B55-4933-9344-B005983D42FD}.Debug|Any CPU.Build.0 = Debug|Any CPU
		{62E5BC8C-9B55-4933-9344-B005983D42FD}.Release|Any CPU.ActiveCfg = Release|Any CPU
		{62E5BC8C-9B55-4933-9344-B005983D42FD}.Release|Any CPU.Build.0 = Release|Any CPU
		{66E4C4CF-1592-465D-9682-BF73843D5695}.Debug|Any CPU.ActiveCfg = Debug|Any CPU
		{66E4C4CF-1592-465D-9682-BF73843D5695}.Debug|Any CPU.Build.0 = Debug|Any CPU
		{66E4C4CF-1592-465D-9682-BF73843D5695}.Release|Any CPU.ActiveCfg = Release|Any CPU
		{66E4C4CF-1592-465D-9682-BF73843D5695}.Release|Any CPU.Build.0 = Release|Any CPU
		{AD5873A3-8147-4918-9152-0B6CEDA81DA0}.Debug|Any CPU.ActiveCfg = Debug|Any CPU
		{AD5873A3-8147-4918-9152-0B6CEDA81DA0}.Debug|Any CPU.Build.0 = Debug|Any CPU
		{AD5873A3-8147-4918-9152-0B6CEDA81DA0}.Release|Any CPU.ActiveCfg = Release|Any CPU
		{AD5873A3-8147-4918-9152-0B6CEDA81DA0}.Release|Any CPU.Build.0 = Release|Any CPU
		{F60B7D7D-A5CC-43AD-ADAF-ED406EB63B65}.Debug|Any CPU.ActiveCfg = Debug|Any CPU
		{F60B7D7D-A5CC-43AD-ADAF-ED406EB63B65}.Debug|Any CPU.Build.0 = Debug|Any CPU
		{F60B7D7D-A5CC-43AD-ADAF-ED406EB63B65}.Release|Any CPU.ActiveCfg = Release|Any CPU
		{F60B7D7D-A5CC-43AD-ADAF-ED406EB63B65}.Release|Any CPU.Build.0 = Release|Any CPU
		{7CA1CEC3-F6E2-46AD-BDC8-AFE94FB97704}.Debug|Any CPU.ActiveCfg = Debug|Any CPU
		{7CA1CEC3-F6E2-46AD-BDC8-AFE94FB97704}.Debug|Any CPU.Build.0 = Debug|Any CPU
		{7CA1CEC3-F6E2-46AD-BDC8-AFE94FB97704}.Release|Any CPU.ActiveCfg = Release|Any CPU
		{7CA1CEC3-F6E2-46AD-BDC8-AFE94FB97704}.Release|Any CPU.Build.0 = Release|Any CPU
		{62DDEC23-0CBD-4409-886F-9DEB7745C6EF}.Debug|Any CPU.ActiveCfg = Debug|Any CPU
		{62DDEC23-0CBD-4409-886F-9DEB7745C6EF}.Debug|Any CPU.Build.0 = Debug|Any CPU
		{62DDEC23-0CBD-4409-886F-9DEB7745C6EF}.Release|Any CPU.ActiveCfg = Release|Any CPU
		{62DDEC23-0CBD-4409-886F-9DEB7745C6EF}.Release|Any CPU.Build.0 = Release|Any CPU
	EndGlobalSection
	GlobalSection(SolutionProperties) = preSolution
		HideSolutionNode = FALSE
	EndGlobalSection
	GlobalSection(NestedProjects) = preSolution
		{62E5BC8C-9B55-4933-9344-B005983D42FD} = {504BD7BE-AD29-4535-A9B7-8B31E233E17E}
		{66E4C4CF-1592-465D-9682-BF73843D5695} = {504BD7BE-AD29-4535-A9B7-8B31E233E17E}
		{AD5873A3-8147-4918-9152-0B6CEDA81DA0} = {51207B8E-3B34-4E6D-9AF4-1BBC4CD8DAE5}
		{F60B7D7D-A5CC-43AD-ADAF-ED406EB63B65} = {51207B8E-3B34-4E6D-9AF4-1BBC4CD8DAE5}
		{7CA1CEC3-F6E2-46AD-BDC8-AFE94FB97704} = {122F47CD-7F9C-4D48-99A6-4BEFF5AC3B40}
		{62DDEC23-0CBD-4409-886F-9DEB7745C6EF} = {0C8EFE47-BBDA-44AA-8986-CB232A4215D6}
	EndGlobalSection
	GlobalSection(ExtensibilityGlobals) = postSolution
		SolutionGuid = {0C13078E-E7A0-45EC-AB16-B7DB3228D71B}
	EndGlobalSection
EndGlobal
